
Microsoft Visual Studio Solution File, Format Version 12.00
# Visual Studio Version 17
VisualStudioVersion = 17.14.36414.22 d17.14
MinimumVisualStudioVersion = 10.0.40219.1
Project("{FAE04EC0-301F-11D3-BF4B-00C04F79EFBC}") = "sistemaInventario1", "sistemaInventario1\sistemaInventario1.csproj", "{49EB9765-9319-4F20-B4DD-4D090DA2F858}"
EndProject
Global
	GlobalSection(SolutionConfigurationPlatforms) = preSolution
		Debug|Any CPU = Debug|Any CPU
		Release|Any CPU = Release|Any CPU
	EndGlobalSection
	GlobalSection(ProjectConfigurationPlatforms) = postSolution
		{49EB9765-9319-4F20-B4DD-4D090DA2F858}.Debug|Any CPU.ActiveCfg = Debug|Any CPU
		{49EB9765-9319-4F20-B4DD-4D090DA2F858}.Debug|Any CPU.Build.0 = Debug|Any CPU
		{49EB9765-9319-4F20-B4DD-4D090DA2F858}.Release|Any CPU.ActiveCfg = Release|Any CPU
		{49EB9765-9319-4F20-B4DD-4D090DA2F858}.Release|Any CPU.Build.0 = Release|Any CPU
	EndGlobalSection
	GlobalSection(SolutionProperties) = preSolution
		HideSolutionNode = FALSE
	EndGlobalSection
	GlobalSection(ExtensibilityGlobals) = postSolution
		SolutionGuid = {4DFFA535-CC75-4489-9725-B63B03228D2C}
	EndGlobalSection
EndGlobal
